
Microsoft Visual Studio Solution File, Format Version 12.00
# Visual Studio Version 16
VisualStudioVersion = 16.0.30621.155
MinimumVisualStudioVersion = 10.0.40219.1
Project("{FAE04EC0-301F-11D3-BF4B-00C04F79EFBC}") = "SeleniumNewAccountGmail", "SeleniumNewAccountGmail\SeleniumNewAccountGmail.csproj", "{F2790578-5B97-4192-890E-4E6857F220B6}"
EndProject
Global
	GlobalSection(SolutionConfigurationPlatforms) = preSolution
		Debug|Any CPU = Debug|Any CPU
		Release|Any CPU = Release|Any CPU
	EndGlobalSection
	GlobalSection(ProjectConfigurationPlatforms) = postSolution
		{F2790578-5B97-4192-890E-4E6857F220B6}.Debug|Any CPU.ActiveCfg = Debug|Any CPU
		{F2790578-5B97-4192-890E-4E6857F220B6}.Debug|Any CPU.Build.0 = Debug|Any CPU
		{F2790578-5B97-4192-890E-4E6857F220B6}.Release|Any CPU.ActiveCfg = Release|Any CPU
		{F2790578-5B97-4192-890E-4E6857F220B6}.Release|Any CPU.Build.0 = Release|Any CPU
	EndGlobalSection
	GlobalSection(SolutionProperties) = preSolution
		HideSolutionNode = FALSE
	EndGlobalSection
	GlobalSection(ExtensibilityGlobals) = postSolution
		SolutionGuid = {7A357CD2-D2DD-4B78-A82A-C635A01C5FFD}
	EndGlobalSection
EndGlobal
