
Microsoft Visual Studio Solution File, Format Version 12.00
# Visual Studio Version 16
VisualStudioVersion = 16.0.30621.155
MinimumVisualStudioVersion = 10.0.40219.1
Project("{FAE04EC0-301F-11D3-BF4B-00C04F79EFBC}") = "RestClinetNew", "RestClinetNew\RestClinetNew.csproj", "{8188BA14-555F-4384-9265-26C4C43E89B2}"
EndProject
Global
	GlobalSection(SolutionConfigurationPlatforms) = preSolution
		Debug|Any CPU = Debug|Any CPU
		Release|Any CPU = Release|Any CPU
	EndGlobalSection
	GlobalSection(ProjectConfigurationPlatforms) = postSolution
		{8188BA14-555F-4384-9265-26C4C43E89B2}.Debug|Any CPU.ActiveCfg = Debug|Any CPU
		{8188BA14-555F-4384-9265-26C4C43E89B2}.Debug|Any CPU.Build.0 = Debug|Any CPU
		{8188BA14-555F-4384-9265-26C4C43E89B2}.Release|Any CPU.ActiveCfg = Release|Any CPU
		{8188BA14-555F-4384-9265-26C4C43E89B2}.Release|Any CPU.Build.0 = Release|Any CPU
	EndGlobalSection
	GlobalSection(SolutionProperties) = preSolution
		HideSolutionNode = FALSE
	EndGlobalSection
	GlobalSection(ExtensibilityGlobals) = postSolution
		SolutionGuid = {0BF7E942-2AD8-4081-8DCE-0B4910D7EBA7}
	EndGlobalSection
EndGlobal
