
Microsoft Visual Studio Solution File, Format Version 12.00
# Visual Studio Version 16
VisualStudioVersion = 16.0.30621.155
MinimumVisualStudioVersion = 10.0.40219.1
Project("{FAE04EC0-301F-11D3-BF4B-00C04F79EFBC}") = "SeleniumShareFacebook", "SeleniumShareFacebook\SeleniumShareFacebook.csproj", "{7980A04D-9433-4574-8C74-230EBFA65058}"
EndProject
Global
	GlobalSection(SolutionConfigurationPlatforms) = preSolution
		Debug|Any CPU = Debug|Any CPU
		Release|Any CPU = Release|Any CPU
	EndGlobalSection
	GlobalSection(ProjectConfigurationPlatforms) = postSolution
		{7980A04D-9433-4574-8C74-230EBFA65058}.Debug|Any CPU.ActiveCfg = Debug|Any CPU
		{7980A04D-9433-4574-8C74-230EBFA65058}.Debug|Any CPU.Build.0 = Debug|Any CPU
		{7980A04D-9433-4574-8C74-230EBFA65058}.Release|Any CPU.ActiveCfg = Release|Any CPU
		{7980A04D-9433-4574-8C74-230EBFA65058}.Release|Any CPU.Build.0 = Release|Any CPU
	EndGlobalSection
	GlobalSection(SolutionProperties) = preSolution
		HideSolutionNode = FALSE
	EndGlobalSection
	GlobalSection(ExtensibilityGlobals) = postSolution
		SolutionGuid = {266696E9-FB4F-4977-B5E3-ABC4BF6D4029}
	EndGlobalSection
EndGlobal
