
Microsoft Visual Studio Solution File, Format Version 12.00
# Visual Studio Version 16
VisualStudioVersion = 16.0.30621.155
MinimumVisualStudioVersion = 10.0.40219.1
Project("{FAE04EC0-301F-11D3-BF4B-00C04F79EFBC}") = "SeleniumUploadFile", "SeleniumUploadFile\SeleniumUploadFile.csproj", "{9FDE4476-FF63-4D67-9C71-9EFD11BFD940}"
EndProject
Global
	GlobalSection(SolutionConfigurationPlatforms) = preSolution
		Debug|Any CPU = Debug|Any CPU
		Release|Any CPU = Release|Any CPU
	EndGlobalSection
	GlobalSection(ProjectConfigurationPlatforms) = postSolution
		{9FDE4476-FF63-4D67-9C71-9EFD11BFD940}.Debug|Any CPU.ActiveCfg = Debug|Any CPU
		{9FDE4476-FF63-4D67-9C71-9EFD11BFD940}.Debug|Any CPU.Build.0 = Debug|Any CPU
		{9FDE4476-FF63-4D67-9C71-9EFD11BFD940}.Release|Any CPU.ActiveCfg = Release|Any CPU
		{9FDE4476-FF63-4D67-9C71-9EFD11BFD940}.Release|Any CPU.Build.0 = Release|Any CPU
	EndGlobalSection
	GlobalSection(SolutionProperties) = preSolution
		HideSolutionNode = FALSE
	EndGlobalSection
	GlobalSection(ExtensibilityGlobals) = postSolution
		SolutionGuid = {C070806E-8501-4B99-81D2-1B0C0595003C}
	EndGlobalSection
EndGlobal
